
Microsoft Visual Studio Solution File, Format Version 12.00
# Visual Studio Version 17
VisualStudioVersion = 17.11.35312.102
MinimumVisualStudioVersion = 10.0.40219.1
Project("{FAE04EC0-301F-11D3-BF4B-00C04F79EFBC}") = "WelcomeToLuna11", "WelcomeToLuna11\WelcomeToLuna11.csproj", "{9B4BD53A-B6BF-47C6-9AE1-DFD41340D0A0}"
EndProject
Global
	GlobalSection(SolutionConfigurationPlatforms) = preSolution
		Debug|Any CPU = Debug|Any CPU
		Release|Any CPU = Release|Any CPU
	EndGlobalSection
	GlobalSection(ProjectConfigurationPlatforms) = postSolution
		{9B4BD53A-B6BF-47C6-9AE1-DFD41340D0A0}.Debug|Any CPU.ActiveCfg = Debug|Any CPU
		{9B4BD53A-B6BF-47C6-9AE1-DFD41340D0A0}.Debug|Any CPU.Build.0 = Debug|Any CPU
		{9B4BD53A-B6BF-47C6-9AE1-DFD41340D0A0}.Release|Any CPU.ActiveCfg = Release|Any CPU
		{9B4BD53A-B6BF-47C6-9AE1-DFD41340D0A0}.Release|Any CPU.Build.0 = Release|Any CPU
	EndGlobalSection
	GlobalSection(SolutionProperties) = preSolution
		HideSolutionNode = FALSE
	EndGlobalSection
	GlobalSection(ExtensibilityGlobals) = postSolution
		SolutionGuid = {63218A3D-95D0-42DA-8A51-444121FF52E7}
	EndGlobalSection
EndGlobal
